
Microsoft Visual Studio Solution File, Format Version 12.00
# Visual Studio 15
VisualStudioVersion = 15.0.28307.852
MinimumVisualStudioVersion = 10.0.40219.1
Project("{E24C65DC-7377-472B-9ABA-BC803B73C61A}") = "RESTfulDistanceConversion", "RESTfulDistanceConversion\", "{F80672EB-7518-4C64-B96F-3C750BBF39EA}"
	ProjectSection(WebsiteProperties) = preProject
		TargetFrameworkMoniker = ".NETFramework,Version%3Dv4.6.1"
		Debug.AspNetCompiler.VirtualPath = "/localhost_54467"
		Debug.AspNetCompiler.PhysicalPath = "RESTfulDistanceConversion\"
		Debug.AspNetCompiler.TargetPath = "PrecompiledWeb\localhost_54467\"
		Debug.AspNetCompiler.Updateable = "true"
		Debug.AspNetCompiler.ForceOverwrite = "true"
		Debug.AspNetCompiler.FixedNames = "false"
		Debug.AspNetCompiler.Debug = "True"
		Release.AspNetCompiler.VirtualPath = "/localhost_54467"
		Release.AspNetCompiler.PhysicalPath = "RESTfulDistanceConversion\"
		Release.AspNetCompiler.TargetPath = "PrecompiledWeb\localhost_54467\"
		Release.AspNetCompiler.Updateable = "true"
		Release.AspNetCompiler.ForceOverwrite = "true"
		Release.AspNetCompiler.FixedNames = "false"
		Release.AspNetCompiler.Debug = "False"
		VWDPort = "54467"
		SlnRelativePath = "RESTfulDistanceConversion\"
		DefaultWebSiteLanguage = "Visual C#"
	EndProjectSection
EndProject
Project("{E24C65DC-7377-472B-9ABA-BC803B73C61A}") = "RESTfulDistanceConversionTryIt", "RESTfulDistanceConversionTryIt\", "{C38D998F-4744-4FAE-82AC-6533C6196ECD}"
	ProjectSection(WebsiteProperties) = preProject
		TargetFrameworkMoniker = ".NETFramework,Version%3Dv4.6.1"
		Debug.AspNetCompiler.VirtualPath = "/localhost_54569"
		Debug.AspNetCompiler.PhysicalPath = "RESTfulDistanceConversionTryIt\"
		Debug.AspNetCompiler.TargetPath = "PrecompiledWeb\localhost_54569\"
		Debug.AspNetCompiler.Updateable = "true"
		Debug.AspNetCompiler.ForceOverwrite = "true"
		Debug.AspNetCompiler.FixedNames = "false"
		Debug.AspNetCompiler.Debug = "True"
		Release.AspNetCompiler.VirtualPath = "/localhost_54569"
		Release.AspNetCompiler.PhysicalPath = "RESTfulDistanceConversionTryIt\"
		Release.AspNetCompiler.TargetPath = "PrecompiledWeb\localhost_54569\"
		Release.AspNetCompiler.Updateable = "true"
		Release.AspNetCompiler.ForceOverwrite = "true"
		Release.AspNetCompiler.FixedNames = "false"
		Release.AspNetCompiler.Debug = "False"
		VWDPort = "54569"
		DefaultWebSiteLanguage = "Visual C#"
	EndProjectSection
EndProject
Global
	GlobalSection(SolutionConfigurationPlatforms) = preSolution
		Debug|Any CPU = Debug|Any CPU
	EndGlobalSection
	GlobalSection(ProjectConfigurationPlatforms) = postSolution
		{F80672EB-7518-4C64-B96F-3C750BBF39EA}.Debug|Any CPU.ActiveCfg = Debug|Any CPU
		{F80672EB-7518-4C64-B96F-3C750BBF39EA}.Debug|Any CPU.Build.0 = Debug|Any CPU
		{C38D998F-4744-4FAE-82AC-6533C6196ECD}.Debug|Any CPU.ActiveCfg = Debug|Any CPU
		{C38D998F-4744-4FAE-82AC-6533C6196ECD}.Debug|Any CPU.Build.0 = Debug|Any CPU
	EndGlobalSection
	GlobalSection(SolutionProperties) = preSolution
		HideSolutionNode = FALSE
	EndGlobalSection
	GlobalSection(ExtensibilityGlobals) = postSolution
		SolutionGuid = {719C6AC1-EFD3-49CC-98D5-70B513F5D61A}
	EndGlobalSection
EndGlobal
